# This file was autogenerated by Stack.
# You should not edit this file by hand.
# For more information, please see the documentation at:
#   https://docs.haskellstack.org/en/stable/lock_files

packages:
- completed:
    hackage: snowball-1.0.0.1@sha256:99b46eb27a338567666041e8b45510a2448d97a7ec3d85dd0982aba8b8d49b09,7306
    pantry-tree:
      sha256: 263fe8df2eb451fe9bd2fb9bec23ebff3082767e61f70585f44b6f8b9119e18e
      size: 5992
  original:
    hackage: snowball-1.0.0.1@sha256:99b46eb27a338567666041e8b45510a2448d97a7ec3d85dd0982aba8b8d49b09,7306
- completed:
    commit: 072256fb4884d40536c9a31e15fa60d3330d7c58
    git: https://github.com/yairchu/text-trie
    name: text-trie
    pantry-tree:
      sha256: 703ee5fcb77929cadaae5ab5173c42b4a7f29fd2c853e5839ca0abaa3a13fe03
      size: 1559
    version: 0.2.5.0
  original:
    commit: 072256fb4884d40536c9a31e15fa60d3330d7c58
    git: https://github.com/yairchu/text-trie
snapshots:
- completed:
    sha256: 17870c63f8041ac17a38096124abeb953cb14d84bfc96deb88f9b24daa97b347
    size: 649332
    url: https://raw.githubusercontent.com/commercialhaskell/stackage-snapshots/master/lts/20/10.yaml
  original:
    url: https://raw.githubusercontent.com/commercialhaskell/stackage-snapshots/master/lts/20/10.yaml
